{
  "originHash" : "83ea04e258050b16bbd253a30ba216d304753dd38cc3f21710320f0f5528e74c",
  "pins" : [
    {
      "identity" : "bigint",
      "kind" : "remoteSourceControl",
      "location" : "https://github.com/attaswift/BigInt.git",
      "state" : {
        "revision" : "e07e00fa1fd435143a2dcf8b7eec9a7710b2fdfe",
        "version" : "5.7.0"
      }
    }
  ],
  "version" : 3
}
